
Microsoft Visual Studio Solution File, Format Version 12.00
# Visual Studio Version 17
VisualStudioVersion = 17.8.34309.116
MinimumVisualStudioVersion = 10.0.40219.1
Project("{FAE04EC0-301F-11D3-BF4B-00C04F79EFBC}") = "MySalesAB", "MySalesAB.csproj", "{31779A13-65DB-4F94-B495-3A3B0680A285}"
EndProject
Global
	GlobalSection(SolutionConfigurationPlatforms) = preSolution
		Debug|Any CPU = Debug|Any CPU
		Release|Any CPU = Release|Any CPU
	EndGlobalSection
	GlobalSection(ProjectConfigurationPlatforms) = postSolution
		{31779A13-65DB-4F94-B495-3A3B0680A285}.Debug|Any CPU.ActiveCfg = Debug|Any CPU
		{31779A13-65DB-4F94-B495-3A3B0680A285}.Debug|Any CPU.Build.0 = Debug|Any CPU
		{31779A13-65DB-4F94-B495-3A3B0680A285}.Release|Any CPU.ActiveCfg = Release|Any CPU
		{31779A13-65DB-4F94-B495-3A3B0680A285}.Release|Any CPU.Build.0 = Release|Any CPU
	EndGlobalSection
	GlobalSection(SolutionProperties) = preSolution
		HideSolutionNode = FALSE
	EndGlobalSection
	GlobalSection(ExtensibilityGlobals) = postSolution
		SolutionGuid = {919727D1-9A79-4FA2-A8D8-8E06C827A377}
	EndGlobalSection
EndGlobal
